PODS:
  - Flutter (1.0.0)
  - geolocator_apple (1.2.0):
    - Flutter
    - FlutterMacOS
  - permission_handler_apple (9.3.0):
    - Flutter
  - yandex_mapkit (0.0.1):
    - Flutter
    - YandexMapsMobile (= 4.6.1-full)
  - YandexMapsMobile (4.6.1-full)

DEPENDENCIES:
  - Flutter (from `Flutter`)
  - geolocator_apple (from `.symlinks/plugins/geolocator_apple/darwin`)
  - permission_handler_apple (from `.symlinks/plugins/permission_handler_apple/ios`)
  - yandex_mapkit (from `.symlinks/plugins/yandex_mapkit/ios`)

SPEC REPOS:
  trunk:
    - YandexMapsMobile

EXTERNAL SOURCES:
  Flutter:
    :path: Flutter
  geolocator_apple:
    :path: ".symlinks/plugins/geolocator_apple/darwin"
  permission_handler_apple:
    :path: ".symlinks/plugins/permission_handler_apple/ios"
  yandex_mapkit:
    :path: ".symlinks/plugins/yandex_mapkit/ios"

SPEC CHECKSUMS:
  Flutter: e0871f40cf51350855a761d2e70bf5af5b9b5de7
  geolocator_apple: ab36aa0e8b7d7a2d7639b3b4e48308394e8cef5e
  permission_handler_apple: 4ed2196e43d0651e8ff7ca3483a069d469701f2d
  yandex_mapkit: 50f3785c9074f049dfd3d15e3229f98eee662f2e
  YandexMapsMobile: b5f4dfeb8d1fe324dc18afb33d772b04d04d34f6

PODFILE CHECKSUM: a79251f6df859e02bd6dbb006ce9302ee3e756c5

COCOAPODS: 1.16.2
